{
  "name": "net",
  "lockfileVersion": 3,
  "requires": true,
  "packages": {
    "": {
      "dependencies": {
        "@sweetalert2/theme-borderless": "^5.0.18",
        "sweetalert2": "^11.12.4"
      }
    },
    "node_modules/@sweetalert2/theme-borderless": {
      "version": "5.0.18",
      "resolved": "https://registry.npmjs.org/@sweetalert2/theme-borderless/-/theme-borderless-5.0.18.tgz",
      "integrity": "sha512-OVpwW5vyfhGb30b1s4RjUUidJGE4jTD5RQRLDQonFJHiUVmegvHiiTJ/2DCKG3lMv+HpJGdirovE0UXKOSgKtg=="
    },
    "node_modules/sweetalert2": {
      "version": "11.12.4",
      "resolved": "https://registry.npmjs.org/sweetalert2/-/sweetalert2-11.12.4.tgz",
      "integrity": "sha512-ZSpyaLbAmn4b7xjnV9x9BFD1UOrCAhIzm1D8dZ443kGxtVKqbTIA5SgXs4xeEtmFfEXUyC3RBgpSlu1AXmCiHA==",
      "funding": {
        "type": "individual",
        "url": "https://github.com/sponsors/limonte"
      }
    }
  }
}
